
Microsoft Visual Studio Solution File, Format Version 12.00
# Visual Studio Version 17
VisualStudioVersion = 17.6.33723.286
MinimumVisualStudioVersion = 10.0.40219.1
Project("{FAE04EC0-301F-11D3-BF4B-00C04F79EFBC}") = "CalculatorClient", "CalculatorClient\CalculatorClient.csproj", "{77548BA6-10D1-4DAF-B9A5-1151ECF574DB}"
EndProject
Global
	GlobalSection(SolutionConfigurationPlatforms) = preSolution
		Debug|Any CPU = Debug|Any CPU
		Release|Any CPU = Release|Any CPU
	EndGlobalSection
	GlobalSection(ProjectConfigurationPlatforms) = postSolution
		{77548BA6-10D1-4DAF-B9A5-1151ECF574DB}.Debug|Any CPU.ActiveCfg = Debug|Any CPU
		{77548BA6-10D1-4DAF-B9A5-1151ECF574DB}.Debug|Any CPU.Build.0 = Debug|Any CPU
		{77548BA6-10D1-4DAF-B9A5-1151ECF574DB}.Release|Any CPU.ActiveCfg = Release|Any CPU
		{77548BA6-10D1-4DAF-B9A5-1151ECF574DB}.Release|Any CPU.Build.0 = Release|Any CPU
	EndGlobalSection
	GlobalSection(SolutionProperties) = preSolution
		HideSolutionNode = FALSE
	EndGlobalSection
	GlobalSection(ExtensibilityGlobals) = postSolution
		SolutionGuid = {5051B221-BCC6-4169-BA96-ABF56035D8CF}
	EndGlobalSection
EndGlobal
